
Microsoft Visual Studio Solution File, Format Version 12.00
# Visual Studio Version 16
VisualStudioVersion = 16.0.30204.135
MinimumVisualStudioVersion = 10.0.40219.1
Project("{FAE04EC0-301F-11D3-BF4B-00C04F79EFBC}") = "WebApi2_Joker", "WebApi2_Joker\WebApi2_Joker.csproj", "{4834E00E-4900-42D5-9A8E-FB153AEC9B59}"
EndProject
Global
	GlobalSection(SolutionConfigurationPlatforms) = preSolution
		Debug|Any CPU = Debug|Any CPU
		Release|Any CPU = Release|Any CPU
	EndGlobalSection
	GlobalSection(ProjectConfigurationPlatforms) = postSolution
		{4834E00E-4900-42D5-9A8E-FB153AEC9B59}.Debug|Any CPU.ActiveCfg = Debug|Any CPU
		{4834E00E-4900-42D5-9A8E-FB153AEC9B59}.Debug|Any CPU.Build.0 = Debug|Any CPU
		{4834E00E-4900-42D5-9A8E-FB153AEC9B59}.Release|Any CPU.ActiveCfg = Release|Any CPU
		{4834E00E-4900-42D5-9A8E-FB153AEC9B59}.Release|Any CPU.Build.0 = Release|Any CPU
	EndGlobalSection
	GlobalSection(SolutionProperties) = preSolution
		HideSolutionNode = FALSE
	EndGlobalSection
	GlobalSection(ExtensibilityGlobals) = postSolution
		SolutionGuid = {32D2B44F-D0C0-4A33-91CE-42B3EC405682}
	EndGlobalSection
EndGlobal
